
Microsoft Visual Studio Solution File, Format Version 12.00
# Visual Studio Version 17
VisualStudioVersion = 17.0.31903.59
MinimumVisualStudioVersion = 10.0.40219.1
Project("{FAE04EC0-301F-11D3-BF4B-00C04F79EFBC}") = "SpargelEngine.Core", "SpargelEngine.Core\SpargelEngine.Core.csproj", "{0D5B8091-90C0-42D3-8B3F-1F15D8DE2A52}"
EndProject
Project("{FAE04EC0-301F-11D3-BF4B-00C04F79EFBC}") = "SpargelEngine.Core.Tests", "SpargelEngine.Core.Tests\SpargelEngine.Core.Tests.csproj", "{7EAC9195-D171-40F3-8A63-82B4C8CE85D7}"
EndProject
Project("{FAE04EC0-301F-11D3-BF4B-00C04F79EFBC}") = "SpargelEngine.Demos.MacWindow", "SpargelEngine.Demos.MacWindow\SpargelEngine.Demos.MacWindow.csproj", "{DEAB448E-14D6-4C60-936C-A9B6FFC9F54E}"
EndProject
Project("{FAE04EC0-301F-11D3-BF4B-00C04F79EFBC}") = "SpargelEngine.Graphics.Vulkan", "SpargelEngine.Graphics.Vulkan\SpargelEngine.Graphics.Vulkan.csproj", "{BDE9BE5A-9F74-4A8E-B0F9-047C7A46FEC8}"
EndProject
Project("{FAE04EC0-301F-11D3-BF4B-00C04F79EFBC}") = "SpargelEngine.Demos.HelloTriangle", "SpargelEngine.Demos.HelloTriangle\SpargelEngine.Demos.HelloTriangle.csproj", "{99A0E1F3-0BBA-4A87-967C-0C819863563F}"
EndProject
Project("{FAE04EC0-301F-11D3-BF4B-00C04F79EFBC}") = "SpargelEngine.GUI.Window", "SpargelEngine.GUI.Window\SpargelEngine.GUI.Window.csproj", "{9B15346D-4E76-4355-8676-BDB2AB5CB6DB}"
EndProject
Project("{FAE04EC0-301F-11D3-BF4B-00C04F79EFBC}") = "SpargelEngine.GUI.Window.GLFW", "SpargelEngine.GUI.Window.GLFW\SpargelEngine.GUI.Window.GLFW.csproj", "{B924038A-F785-41FA-AC5E-8B8716A63197}"
EndProject
Project("{FAE04EC0-301F-11D3-BF4B-00C04F79EFBC}") = "SpargelEngine.Graphics.OpenGL", "SpargelEngine.Graphics.OpenGL\SpargelEngine.Graphics.OpenGL.csproj", "{7B02D036-93FC-4E1D-BE62-A81D24F4AA21}"
EndProject
Project("{FAE04EC0-301F-11D3-BF4B-00C04F79EFBC}") = "SpargelEngine.Demos.LearnOpenGL", "SpargelEngine.Demos.LearnOpenGL\SpargelEngine.Demos.LearnOpenGL.csproj", "{5EF5172F-3731-495B-89C7-6C833922233A}"
EndProject
Project("{FAE04EC0-301F-11D3-BF4B-00C04F79EFBC}") = "SpargelEngine.Demos.SimpleShot", "SpargelEngine.Demos.SimpleShot\SpargelEngine.Demos.SimpleShot.csproj", "{3FE67E79-DA5C-4140-AAFC-EC40D169189F}"
EndProject
Global
	GlobalSection(SolutionConfigurationPlatforms) = preSolution
		Debug|Any CPU = Debug|Any CPU
		Release|Any CPU = Release|Any CPU
	EndGlobalSection
	GlobalSection(SolutionProperties) = preSolution
		HideSolutionNode = FALSE
	EndGlobalSection
	GlobalSection(ProjectConfigurationPlatforms) = postSolution
		{0D5B8091-90C0-42D3-8B3F-1F15D8DE2A52}.Debug|Any CPU.ActiveCfg = Debug|Any CPU
		{0D5B8091-90C0-42D3-8B3F-1F15D8DE2A52}.Debug|Any CPU.Build.0 = Debug|Any CPU
		{0D5B8091-90C0-42D3-8B3F-1F15D8DE2A52}.Release|Any CPU.ActiveCfg = Release|Any CPU
		{0D5B8091-90C0-42D3-8B3F-1F15D8DE2A52}.Release|Any CPU.Build.0 = Release|Any CPU
		{7EAC9195-D171-40F3-8A63-82B4C8CE85D7}.Debug|Any CPU.ActiveCfg = Debug|Any CPU
		{7EAC9195-D171-40F3-8A63-82B4C8CE85D7}.Debug|Any CPU.Build.0 = Debug|Any CPU
		{7EAC9195-D171-40F3-8A63-82B4C8CE85D7}.Release|Any CPU.ActiveCfg = Release|Any CPU
		{7EAC9195-D171-40F3-8A63-82B4C8CE85D7}.Release|Any CPU.Build.0 = Release|Any CPU
		{DEAB448E-14D6-4C60-936C-A9B6FFC9F54E}.Debug|Any CPU.ActiveCfg = Debug|Any CPU
		{DEAB448E-14D6-4C60-936C-A9B6FFC9F54E}.Debug|Any CPU.Build.0 = Debug|Any CPU
		{DEAB448E-14D6-4C60-936C-A9B6FFC9F54E}.Release|Any CPU.ActiveCfg = Release|Any CPU
		{DEAB448E-14D6-4C60-936C-A9B6FFC9F54E}.Release|Any CPU.Build.0 = Release|Any CPU
		{BDE9BE5A-9F74-4A8E-B0F9-047C7A46FEC8}.Debug|Any CPU.ActiveCfg = Debug|Any CPU
		{BDE9BE5A-9F74-4A8E-B0F9-047C7A46FEC8}.Debug|Any CPU.Build.0 = Debug|Any CPU
		{BDE9BE5A-9F74-4A8E-B0F9-047C7A46FEC8}.Release|Any CPU.ActiveCfg = Release|Any CPU
		{BDE9BE5A-9F74-4A8E-B0F9-047C7A46FEC8}.Release|Any CPU.Build.0 = Release|Any CPU
		{99A0E1F3-0BBA-4A87-967C-0C819863563F}.Debug|Any CPU.ActiveCfg = Debug|Any CPU
		{99A0E1F3-0BBA-4A87-967C-0C819863563F}.Debug|Any CPU.Build.0 = Debug|Any CPU
		{99A0E1F3-0BBA-4A87-967C-0C819863563F}.Release|Any CPU.ActiveCfg = Release|Any CPU
		{99A0E1F3-0BBA-4A87-967C-0C819863563F}.Release|Any CPU.Build.0 = Release|Any CPU
		{9B15346D-4E76-4355-8676-BDB2AB5CB6DB}.Debug|Any CPU.ActiveCfg = Debug|Any CPU
		{9B15346D-4E76-4355-8676-BDB2AB5CB6DB}.Debug|Any CPU.Build.0 = Debug|Any CPU
		{9B15346D-4E76-4355-8676-BDB2AB5CB6DB}.Release|Any CPU.ActiveCfg = Release|Any CPU
		{9B15346D-4E76-4355-8676-BDB2AB5CB6DB}.Release|Any CPU.Build.0 = Release|Any CPU
		{B924038A-F785-41FA-AC5E-8B8716A63197}.Debug|Any CPU.ActiveCfg = Debug|Any CPU
		{B924038A-F785-41FA-AC5E-8B8716A63197}.Debug|Any CPU.Build.0 = Debug|Any CPU
		{B924038A-F785-41FA-AC5E-8B8716A63197}.Release|Any CPU.ActiveCfg = Release|Any CPU
		{B924038A-F785-41FA-AC5E-8B8716A63197}.Release|Any CPU.Build.0 = Release|Any CPU
		{7B02D036-93FC-4E1D-BE62-A81D24F4AA21}.Debug|Any CPU.ActiveCfg = Debug|Any CPU
		{7B02D036-93FC-4E1D-BE62-A81D24F4AA21}.Debug|Any CPU.Build.0 = Debug|Any CPU
		{7B02D036-93FC-4E1D-BE62-A81D24F4AA21}.Release|Any CPU.ActiveCfg = Release|Any CPU
		{7B02D036-93FC-4E1D-BE62-A81D24F4AA21}.Release|Any CPU.Build.0 = Release|Any CPU
		{5EF5172F-3731-495B-89C7-6C833922233A}.Debug|Any CPU.ActiveCfg = Debug|Any CPU
		{5EF5172F-3731-495B-89C7-6C833922233A}.Debug|Any CPU.Build.0 = Debug|Any CPU
		{5EF5172F-3731-495B-89C7-6C833922233A}.Release|Any CPU.ActiveCfg = Release|Any CPU
		{5EF5172F-3731-495B-89C7-6C833922233A}.Release|Any CPU.Build.0 = Release|Any CPU
		{3FE67E79-DA5C-4140-AAFC-EC40D169189F}.Debug|Any CPU.ActiveCfg = Debug|Any CPU
		{3FE67E79-DA5C-4140-AAFC-EC40D169189F}.Debug|Any CPU.Build.0 = Debug|Any CPU
		{3FE67E79-DA5C-4140-AAFC-EC40D169189F}.Release|Any CPU.ActiveCfg = Release|Any CPU
		{3FE67E79-DA5C-4140-AAFC-EC40D169189F}.Release|Any CPU.Build.0 = Release|Any CPU
	EndGlobalSection
EndGlobal
